
Microsoft Visual Studio Solution File, Format Version 12.00
# Visual Studio Version 17
VisualStudioVersion = 17.0.31815.197
MinimumVisualStudioVersion = 10.0.40219.1
Project("{FAE04EC0-301F-11D3-BF4B-00C04F79EFBC}") = "Calculadorasimples", "Calculadorasimples\Calculadorasimples.csproj", "{767B4993-D09A-4C84-BD7C-B3ADEBB2B315}"
EndProject
Global
	GlobalSection(SolutionConfigurationPlatforms) = preSolution
		Debug|Any CPU = Debug|Any CPU
		Release|Any CPU = Release|Any CPU
	EndGlobalSection
	GlobalSection(ProjectConfigurationPlatforms) = postSolution
		{767B4993-D09A-4C84-BD7C-B3ADEBB2B315}.Debug|Any CPU.ActiveCfg = Debug|Any CPU
		{767B4993-D09A-4C84-BD7C-B3ADEBB2B315}.Debug|Any CPU.Build.0 = Debug|Any CPU
		{767B4993-D09A-4C84-BD7C-B3ADEBB2B315}.Release|Any CPU.ActiveCfg = Release|Any CPU
		{767B4993-D09A-4C84-BD7C-B3ADEBB2B315}.Release|Any CPU.Build.0 = Release|Any CPU
	EndGlobalSection
	GlobalSection(SolutionProperties) = preSolution
		HideSolutionNode = FALSE
	EndGlobalSection
	GlobalSection(ExtensibilityGlobals) = postSolution
		SolutionGuid = {8E36B282-12A9-46E0-9F5D-1F742398EE81}
	EndGlobalSection
EndGlobal
